
Microsoft Visual Studio Solution File, Format Version 12.00
# Visual Studio Version 16
VisualStudioVersion = 16.0.31613.86
MinimumVisualStudioVersion = 10.0.40219.1
Project("{9A19103F-16F7-4668-BE54-9A1E7A4F7556}") = "FSLink", "src\FSLink\FSLink.csproj", "{8A427A41-95C2-4B7B-9897-81BC1CE59E4F}"
EndProject
Project("{2150E333-8FDC-42A3-9474-1A3956D46DE8}") = "src", "src", "{281852C7-571C-4221-AEB7-600966979619}"
EndProject
Project("{2150E333-8FDC-42A3-9474-1A3956D46DE8}") = "tests", "tests", "{01FC4946-150F-466E-95F8-2A66BD3AC53B}"
EndProject
Project("{9A19103F-16F7-4668-BE54-9A1E7A4F7556}") = "FSLinkLib", "src\FSLinkLib\FSLinkLib.csproj", "{A8287FD7-7A39-47AE-BFF8-A40732843B1B}"
EndProject
Project("{9A19103F-16F7-4668-BE54-9A1E7A4F7556}") = "FSLinkCommand", "src\FSLinkCommand\FSLinkCommand.csproj", "{26C88FAD-7123-488A-9507-6C2805DAE5B2}"
EndProject
Project("{9A19103F-16F7-4668-BE54-9A1E7A4F7556}") = "FSLinkCommon", "src\FSLinkCommon\FSLinkCommon.csproj", "{C4247436-2D19-461F-B2A2-BC04E8D1B0CC}"
EndProject
Project("{2150E333-8FDC-42A3-9474-1A3956D46DE8}") = "UnitTests", "UnitTests", "{06B62AC5-336D-43F5-8026-2B05E8A18C56}"
EndProject
Project("{FAE04EC0-301F-11D3-BF4B-00C04F79EFBC}") = "FSLinkCommon.Tests", "tests\UnitTests\FSLinkCommon.Tests\FSLinkCommon.Tests.csproj", "{3CE5BF0F-DDE1-45E7-90A2-640592C5115F}"
EndProject
Global
	GlobalSection(SolutionConfigurationPlatforms) = preSolution
		Debug|Any CPU = Debug|Any CPU
		Release|Any CPU = Release|Any CPU
	EndGlobalSection
	GlobalSection(ProjectConfigurationPlatforms) = postSolution
		{8A427A41-95C2-4B7B-9897-81BC1CE59E4F}.Debug|Any CPU.ActiveCfg = Debug|Any CPU
		{8A427A41-95C2-4B7B-9897-81BC1CE59E4F}.Debug|Any CPU.Build.0 = Debug|Any CPU
		{8A427A41-95C2-4B7B-9897-81BC1CE59E4F}.Release|Any CPU.ActiveCfg = Release|Any CPU
		{8A427A41-95C2-4B7B-9897-81BC1CE59E4F}.Release|Any CPU.Build.0 = Release|Any CPU
		{A8287FD7-7A39-47AE-BFF8-A40732843B1B}.Debug|Any CPU.ActiveCfg = Debug|Any CPU
		{A8287FD7-7A39-47AE-BFF8-A40732843B1B}.Debug|Any CPU.Build.0 = Debug|Any CPU
		{A8287FD7-7A39-47AE-BFF8-A40732843B1B}.Release|Any CPU.ActiveCfg = Release|Any CPU
		{A8287FD7-7A39-47AE-BFF8-A40732843B1B}.Release|Any CPU.Build.0 = Release|Any CPU
		{26C88FAD-7123-488A-9507-6C2805DAE5B2}.Debug|Any CPU.ActiveCfg = Debug|Any CPU
		{26C88FAD-7123-488A-9507-6C2805DAE5B2}.Debug|Any CPU.Build.0 = Debug|Any CPU
		{26C88FAD-7123-488A-9507-6C2805DAE5B2}.Release|Any CPU.ActiveCfg = Release|Any CPU
		{26C88FAD-7123-488A-9507-6C2805DAE5B2}.Release|Any CPU.Build.0 = Release|Any CPU
		{C4247436-2D19-461F-B2A2-BC04E8D1B0CC}.Debug|Any CPU.ActiveCfg = Debug|Any CPU
		{C4247436-2D19-461F-B2A2-BC04E8D1B0CC}.Debug|Any CPU.Build.0 = Debug|Any CPU
		{C4247436-2D19-461F-B2A2-BC04E8D1B0CC}.Release|Any CPU.ActiveCfg = Release|Any CPU
		{C4247436-2D19-461F-B2A2-BC04E8D1B0CC}.Release|Any CPU.Build.0 = Release|Any CPU
		{3CE5BF0F-DDE1-45E7-90A2-640592C5115F}.Debug|Any CPU.ActiveCfg = Debug|Any CPU
		{3CE5BF0F-DDE1-45E7-90A2-640592C5115F}.Debug|Any CPU.Build.0 = Debug|Any CPU
		{3CE5BF0F-DDE1-45E7-90A2-640592C5115F}.Release|Any CPU.ActiveCfg = Release|Any CPU
		{3CE5BF0F-DDE1-45E7-90A2-640592C5115F}.Release|Any CPU.Build.0 = Release|Any CPU
	EndGlobalSection
	GlobalSection(SolutionProperties) = preSolution
		HideSolutionNode = FALSE
	EndGlobalSection
	GlobalSection(NestedProjects) = preSolution
		{8A427A41-95C2-4B7B-9897-81BC1CE59E4F} = {281852C7-571C-4221-AEB7-600966979619}
		{A8287FD7-7A39-47AE-BFF8-A40732843B1B} = {281852C7-571C-4221-AEB7-600966979619}
		{26C88FAD-7123-488A-9507-6C2805DAE5B2} = {281852C7-571C-4221-AEB7-600966979619}
		{C4247436-2D19-461F-B2A2-BC04E8D1B0CC} = {281852C7-571C-4221-AEB7-600966979619}
		{06B62AC5-336D-43F5-8026-2B05E8A18C56} = {01FC4946-150F-466E-95F8-2A66BD3AC53B}
		{3CE5BF0F-DDE1-45E7-90A2-640592C5115F} = {06B62AC5-336D-43F5-8026-2B05E8A18C56}
	EndGlobalSection
	GlobalSection(ExtensibilityGlobals) = postSolution
		SolutionGuid = {FCE32C39-0FAF-4CE1-B297-49A90298EA7E}
	EndGlobalSection
EndGlobal
